
Microsoft Visual Studio Solution File, Format Version 11.00
# Visual Studio 2010
Project("{FAE04EC0-301F-11D3-BF4B-00C04F79EFBC}") = "hastane_kayit_programi", "hastane_kayit_programi\hastane_kayit_programi.csproj", "{E1D33C98-F8C5-4664-82BC-7AF98A960D18}"
EndProject
Global
	GlobalSection(SolutionConfigurationPlatforms) = preSolution
		Debug|x86 = Debug|x86
		Release|x86 = Release|x86
	EndGlobalSection
	GlobalSection(ProjectConfigurationPlatforms) = postSolution
		{E1D33C98-F8C5-4664-82BC-7AF98A960D18}.Debug|x86.ActiveCfg = Debug|x86
		{E1D33C98-F8C5-4664-82BC-7AF98A960D18}.Debug|x86.Build.0 = Debug|x86
		{E1D33C98-F8C5-4664-82BC-7AF98A960D18}.Release|x86.ActiveCfg = Release|x86
		{E1D33C98-F8C5-4664-82BC-7AF98A960D18}.Release|x86.Build.0 = Release|x86
	EndGlobalSection
	GlobalSection(SolutionProperties) = preSolution
		HideSolutionNode = FALSE
	EndGlobalSection
EndGlobal
